
Microsoft Visual Studio Solution File, Format Version 12.00
Project("{FAE04EC0-301F-11D3-BF4B-00C04F79EFBC}") = "Domain", "src\Domain\Domain.csproj", "{C13F2CE2-E6C8-4F0F-AA2A-6E97FA76E123}"
EndProject
Project("{FAE04EC0-301F-11D3-BF4B-00C04F79EFBC}") = "Contracts", "src\Contracts\Contracts.csproj", "{5CC45BDB-628A-41AC-ABE4-469A24C748EF}"
EndProject
Project("{FAE04EC0-301F-11D3-BF4B-00C04F79EFBC}") = "IoC", "src\IoC\IoC.csproj", "{3405186F-2C81-4799-AD0F-D3FA407D04FE}"
EndProject
Project("{FAE04EC0-301F-11D3-BF4B-00C04F79EFBC}") = "Application", "src\Application\Application.csproj", "{496CF197-8C7C-4B4A-A5ED-63B434EDCA8B}"
EndProject
Project("{FAE04EC0-301F-11D3-BF4B-00C04F79EFBC}") = "Dtos", "src\Dtos\Dtos.csproj", "{FDFA2128-58D1-4D7C-BFC2-64969041338C}"
EndProject
Global
	GlobalSection(SolutionConfigurationPlatforms) = preSolution
		Debug|Any CPU = Debug|Any CPU
		Release|Any CPU = Release|Any CPU
	EndGlobalSection
	GlobalSection(ProjectConfigurationPlatforms) = postSolution
		{C13F2CE2-E6C8-4F0F-AA2A-6E97FA76E123}.Debug|Any CPU.ActiveCfg = Debug|Any CPU
		{C13F2CE2-E6C8-4F0F-AA2A-6E97FA76E123}.Debug|Any CPU.Build.0 = Debug|Any CPU
		{C13F2CE2-E6C8-4F0F-AA2A-6E97FA76E123}.Release|Any CPU.ActiveCfg = Release|Any CPU
		{C13F2CE2-E6C8-4F0F-AA2A-6E97FA76E123}.Release|Any CPU.Build.0 = Release|Any CPU
		{5CC45BDB-628A-41AC-ABE4-469A24C748EF}.Debug|Any CPU.ActiveCfg = Debug|Any CPU
		{5CC45BDB-628A-41AC-ABE4-469A24C748EF}.Debug|Any CPU.Build.0 = Debug|Any CPU
		{5CC45BDB-628A-41AC-ABE4-469A24C748EF}.Release|Any CPU.ActiveCfg = Release|Any CPU
		{5CC45BDB-628A-41AC-ABE4-469A24C748EF}.Release|Any CPU.Build.0 = Release|Any CPU
		{3405186F-2C81-4799-AD0F-D3FA407D04FE}.Debug|Any CPU.ActiveCfg = Debug|Any CPU
		{3405186F-2C81-4799-AD0F-D3FA407D04FE}.Debug|Any CPU.Build.0 = Debug|Any CPU
		{3405186F-2C81-4799-AD0F-D3FA407D04FE}.Release|Any CPU.ActiveCfg = Release|Any CPU
		{3405186F-2C81-4799-AD0F-D3FA407D04FE}.Release|Any CPU.Build.0 = Release|Any CPU
		{496CF197-8C7C-4B4A-A5ED-63B434EDCA8B}.Debug|Any CPU.ActiveCfg = Debug|Any CPU
		{496CF197-8C7C-4B4A-A5ED-63B434EDCA8B}.Debug|Any CPU.Build.0 = Debug|Any CPU
		{496CF197-8C7C-4B4A-A5ED-63B434EDCA8B}.Release|Any CPU.ActiveCfg = Release|Any CPU
		{496CF197-8C7C-4B4A-A5ED-63B434EDCA8B}.Release|Any CPU.Build.0 = Release|Any CPU
		{FDFA2128-58D1-4D7C-BFC2-64969041338C}.Debug|Any CPU.ActiveCfg = Debug|Any CPU
		{FDFA2128-58D1-4D7C-BFC2-64969041338C}.Debug|Any CPU.Build.0 = Debug|Any CPU
		{FDFA2128-58D1-4D7C-BFC2-64969041338C}.Release|Any CPU.ActiveCfg = Release|Any CPU
		{FDFA2128-58D1-4D7C-BFC2-64969041338C}.Release|Any CPU.Build.0 = Release|Any CPU
	EndGlobalSection
EndGlobal
